{
  "name": "heatcraft-js-data-import",
  "version": "1.0.0",
  "lockfileVersion": 1,
  "requires": true,
  "dependencies": {
    "@hapi/address": {
      "version": "2.1.4",
      "resolved": "https://registry.npmjs.org/@hapi/address/-/address-2.1.4.tgz",
      "integrity": "sha512-QD1PhQk+s31P1ixsX0H0Suoupp3VMXzIVMSwobR3F3MSUO2YCV0B7xqLcUw/Bh8yuvd3LhpyqLQWTNcRmp6IdQ=="
    },
    "@hapi/formula": {
      "version": "1.2.0",
      "resolved": "https://registry.npmjs.org/@hapi/formula/-/formula-1.2.0.tgz",
      "integrity": "sha512-UFbtbGPjstz0eWHb+ga/GM3Z9EzqKXFWIbSOFURU0A/Gku0Bky4bCk9/h//K2Xr3IrCfjFNhMm4jyZ5dbCewGA=="
    },
    "@hapi/hoek": {
      "version": "8.5.1",
      "resolved": "https://registry.npmjs.org/@hapi/hoek/-/hoek-8.5.1.tgz",
      "integrity": "sha512-yN7kbciD87WzLGc5539Tn0sApjyiGHAJgKvG9W8C7O+6c7qmoQMfVs0W4bX17eqz6C78QJqqFrtgdK5EWf6Qow=="
    },
    "@hapi/joi": {
      "version": "16.1.8",
      "resolved": "https://registry.npmjs.org/@hapi/joi/-/joi-16.1.8.tgz",
      "integrity": "sha512-wAsVvTPe+FwSrsAurNt5vkg3zo+TblvC5Bb1zMVK6SJzZqw9UrJnexxR+76cpePmtUZKHAPxcQ2Bf7oVHyahhg==",
      "requires": {
        "@hapi/address": "^2.1.2",
        "@hapi/formula": "^1.2.0",
        "@hapi/hoek": "^8.2.4",
        "@hapi/pinpoint": "^1.0.2",
        "@hapi/topo": "^3.1.3"
      }
    },
    "@hapi/pinpoint": {
      "version": "1.0.2",
      "resolved": "https://registry.npmjs.org/@hapi/pinpoint/-/pinpoint-1.0.2.tgz",
      "integrity": "sha512-dtXC/WkZBfC5vxscazuiJ6iq4j9oNx1SHknmIr8hofarpKUZKmlUVYVIhNVzIEgK5Wrc4GMHL5lZtt1uS2flmQ=="
    },
    "@hapi/topo": {
      "version": "3.1.6",
      "resolved": "https://registry.npmjs.org/@hapi/topo/-/topo-3.1.6.tgz",
      "integrity": "sha512-tAag0jEcjwH+P2quUfipd7liWCNX2F8NvYjQp2wtInsZxnMlypdw0FtAOLxtvvkO+GSRRbmNi8m/5y42PQJYCQ==",
      "requires": {
        "@hapi/hoek": "^8.3.0"
      }
    },
    "@types/bson": {
      "version": "4.0.2",
      "resolved": "https://registry.npmjs.org/@types/bson/-/bson-4.0.2.tgz",
      "integrity": "sha512-+uWmsejEHfmSjyyM/LkrP0orfE2m5Mx9Xel4tXNeqi1ldK5XMQcDsFkBmLDtuyKUbxj2jGDo0H240fbCRJZo7Q==",
      "dev": true,
      "requires": {
        "@types/node": "*"
      }
    },
    "@types/cheerio": {
      "version": "0.22.16",
      "resolved": "https://registry.npmjs.org/@types/cheerio/-/cheerio-0.22.16.tgz",
      "integrity": "sha512-bSbnU/D4yzFdzLpp3+rcDj0aQQMIRUBNJU7azPxdqMpnexjUSvGJyDuOBQBHeOZh1mMKgsJm6Dy+LLh80Ew4tQ==",
      "dev": true,
      "requires": {
        "@types/node": "*"
      }
    },
    "@types/lodash": {
      "version": "4.14.149",
      "resolved": "https://registry.npmjs.org/@types/lodash/-/lodash-4.14.149.tgz",
      "integrity": "sha512-ijGqzZt/b7BfzcK9vTrS6MFljQRPn5BFWOx8oE0GYxribu6uV+aA9zZuXI1zc/etK9E8nrgdoF2+LgUw7+9tJQ==",
      "dev": true
    },
    "@types/mongodb": {
      "version": "3.5.14",
      "resolved": "https://registry.npmjs.org/@types/mongodb/-/mongodb-3.5.14.tgz",
      "integrity": "sha512-6SBBf4/pFTPu+Xmio6A4JPv/zXbsS/h7d3SdhaXRfTdE8pPNKUfOG3Tn7O0sjcu7Nz0syorSiQE6CMcoQD15TQ==",
      "dev": true,
      "requires": {
        "@types/bson": "*",
        "@types/node": "*"
      }
    },
    "@types/node": {
      "version": "13.7.7",
      "resolved": "https://registry.npmjs.org/@types/node/-/node-13.7.7.tgz",
      "integrity": "sha512-Uo4chgKbnPNlxQwoFmYIwctkQVkMMmsAoGGU4JKwLuvBefF0pCq4FybNSnfkfRCpC7ZW7kttcC/TrRtAJsvGtg=="
    },
    "@types/uuid": {
      "version": "3.4.7",
      "resolved": "https://registry.npmjs.org/@types/uuid/-/uuid-3.4.7.tgz",
      "integrity": "sha512-C2j2FWgQkF1ru12SjZJyMaTPxs/f6n90+5G5qNakBxKXjTBc/YTSelHh4Pz1HUDwxFXD9WvpQhOGCDC+/Y4mIQ==",
      "dev": true
    },
    "adler-32": {
      "version": "1.2.0",
      "resolved": "https://registry.npmjs.org/adler-32/-/adler-32-1.2.0.tgz",
      "integrity": "sha1-aj5r8KY5ALoVZSgIyxXGgT0aXyU=",
      "requires": {
        "exit-on-epipe": "~1.0.1",
        "printj": "~1.1.0"
      }
    },
    "arg": {
      "version": "4.1.3",
      "resolved": "https://registry.npmjs.org/arg/-/arg-4.1.3.tgz",
      "integrity": "sha512-58S9QDqG0Xx27YwPSt9fJxivjYl432YCwfDMfZ+71RAqUrZef7LrKQZ3LHLOwCS4FLNBplP533Zx895SeOCHvA==",
      "dev": true
    },
    "axios": {
      "version": "0.19.2",
      "resolved": "https://registry.npmjs.org/axios/-/axios-0.19.2.tgz",
      "integrity": "sha512-fjgm5MvRHLhx+osE2xoekY70AhARk3a6hkN+3Io1jc00jtquGvxYlKlsFUhmUET0V5te6CcZI7lcv2Ym61mjHA==",
      "requires": {
        "follow-redirects": "1.5.10"
      }
    },
    "balanced-match": {
      "version": "1.0.0",
      "resolved": "https://registry.npmjs.org/balanced-match/-/balanced-match-1.0.0.tgz",
      "integrity": "sha1-ibTRmasr7kneFk6gK4nORi1xt2c="
    },
    "base-64": {
      "version": "0.1.0",
      "resolved": "https://registry.npmjs.org/base-64/-/base-64-0.1.0.tgz",
      "integrity": "sha1-eAqZyE59YAJgNhURxId2E78k9rs="
    },
    "bl": {
      "version": "2.2.0",
      "resolved": "https://registry.npmjs.org/bl/-/bl-2.2.0.tgz",
      "integrity": "sha512-wbgvOpqopSr7uq6fJrLH8EsvYMJf9gzfo2jCsL2eTy75qXPukA4pCgHamOQkZtY5vmfVtjB+P3LNlMHW5CEZXA==",
      "requires": {
        "readable-stream": "^2.3.5",
        "safe-buffer": "^5.1.1"
      }
    },
    "boolbase": {
      "version": "1.0.0",
      "resolved": "https://registry.npmjs.org/boolbase/-/boolbase-1.0.0.tgz",
      "integrity": "sha1-aN/1++YMUes3cl6p4+0xDcwed24="
    },
    "brace-expansion": {
      "version": "1.1.11",
      "resolved": "https://registry.npmjs.org/brace-expansion/-/brace-expansion-1.1.11.tgz",
      "integrity": "sha512-iCuPHDFgrHX7H2vEI/5xpz07zSHB00TpugqhmYtVmMO6518mCuRMoOYFldEBl0g187ufozdaHgWKcYFb61qGiA==",
      "requires": {
        "balanced-match": "^1.0.0",
        "concat-map": "0.0.1"
      }
    },
    "bson": {
      "version": "1.1.4",
      "resolved": "https://registry.npmjs.org/bson/-/bson-1.1.4.tgz",
      "integrity": "sha512-S/yKGU1syOMzO86+dGpg2qGoDL0zvzcb262G+gqEy6TgP6rt6z6qxSFX/8X6vLC91P7G7C3nLs0+bvDzmvBA3Q=="
    },
    "buffer-alloc": {
      "version": "1.2.0",
      "resolved": "https://registry.npmjs.org/buffer-alloc/-/buffer-alloc-1.2.0.tgz",
      "integrity": "sha512-CFsHQgjtW1UChdXgbyJGtnm+O/uLQeZdtbDo8mfUgYXCHSM1wgrVxXm6bSyrUuErEb+4sYVGCzASBRot7zyrow==",
      "requires": {
        "buffer-alloc-unsafe": "^1.1.0",
        "buffer-fill": "^1.0.0"
      }
    },
    "buffer-alloc-unsafe": {
      "version": "1.1.0",
      "resolved": "https://registry.npmjs.org/buffer-alloc-unsafe/-/buffer-alloc-unsafe-1.1.0.tgz",
      "integrity": "sha512-TEM2iMIEQdJ2yjPJoSIsldnleVaAk1oW3DBVUykyOLsEsFmEc9kn+SFFPz+gl54KQNxlDnAwCXosOS9Okx2xAg=="
    },
    "buffer-fill": {
      "version": "1.0.0",
      "resolved": "https://registry.npmjs.org/buffer-fill/-/buffer-fill-1.0.0.tgz",
      "integrity": "sha1-+PeLdniYiO858gXNY39o5wISKyw="
    },
    "buffer-from": {
      "version": "1.1.1",
      "resolved": "https://registry.npmjs.org/buffer-from/-/buffer-from-1.1.1.tgz",
      "integrity": "sha512-MQcXEUbCKtEo7bhqEs6560Hyd4XaovZlO/k9V3hjVUF/zwW7KBVdSK4gIt/bzwS9MbR5qob+F5jusZsb0YQK2A=="
    },
    "cfb": {
      "version": "1.1.3",
      "resolved": "https://registry.npmjs.org/cfb/-/cfb-1.1.3.tgz",
      "integrity": "sha512-joXBW0nMuwV9no7UTMiyVJnQL6XIU3ThXVjFUDHgl9MpILPOomyfaGqC290VELZ48bbQKZXnQ81UT5HouTxHsw==",
      "requires": {
        "adler-32": "~1.2.0",
        "commander": "^2.16.0",
        "crc-32": "~1.2.0",
        "printj": "~1.1.2"
      }
    },
    "cheerio": {
      "version": "1.0.0-rc.3",
      "resolved": "https://registry.npmjs.org/cheerio/-/cheerio-1.0.0-rc.3.tgz",
      "integrity": "sha512-0td5ijfUPuubwLUu0OBoe98gZj8C/AA+RW3v67GPlGOrvxWjZmBXiBCRU+I8VEiNyJzjth40POfHiz2RB3gImA==",
      "requires": {
        "css-select": "~1.2.0",
        "dom-serializer": "~0.1.1",
        "entities": "~1.1.1",
        "htmlparser2": "^3.9.1",
        "lodash": "^4.15.0",
        "parse5": "^3.0.1"
      }
    },
    "codepage": {
      "version": "1.14.0",
      "resolved": "https://registry.npmjs.org/codepage/-/codepage-1.14.0.tgz",
      "integrity": "sha1-jL4lSBMjVZ19MHVxsP/5HnodL5k=",
      "requires": {
        "commander": "~2.14.1",
        "exit-on-epipe": "~1.0.1"
      },
      "dependencies": {
        "commander": {
          "version": "2.14.1",
          "resolved": "https://registry.npmjs.org/commander/-/commander-2.14.1.tgz",
          "integrity": "sha512-+YR16o3rK53SmWHU3rEM3tPAh2rwb1yPcQX5irVn7mb0gXbwuCCrnkbV5+PBfETdfg1vui07nM6PCG1zndcjQw=="
        }
      }
    },
    "collections": {
      "version": "5.1.9",
      "resolved": "https://registry.npmjs.org/collections/-/collections-5.1.9.tgz",
      "integrity": "sha512-omsKk7VkxuYKsxKG9jdyNtqTVJXZuwLnK53lc7M7AW4cXKcEyK3F+4cfQFVOy4ivT+UWhJlvClrJI7qF2Ts6iA==",
      "requires": {
        "weak-map": "~1.0.x"
      }
    },
    "commander": {
      "version": "2.17.1",
      "resolved": "https://registry.npmjs.org/commander/-/commander-2.17.1.tgz",
      "integrity": "sha512-wPMUt6FnH2yzG95SA6mzjQOEKUU3aLaDEmzs1ti+1E9h+CsrZghRlqEM/EJ4KscsQVG8uNN4uVreUeT8+drlgg=="
    },
    "concat-map": {
      "version": "0.0.1",
      "resolved": "https://registry.npmjs.org/concat-map/-/concat-map-0.0.1.tgz",
      "integrity": "sha1-2Klr13/Wjfd5OnMDajug1UBdR3s="
    },
    "core-util-is": {
      "version": "1.0.2",
      "resolved": "https://registry.npmjs.org/core-util-is/-/core-util-is-1.0.2.tgz",
      "integrity": "sha1-tf1UIgqivFq1eqtxQMlAdUUDwac="
    },
    "crc-32": {
      "version": "1.2.0",
      "resolved": "https://registry.npmjs.org/crc-32/-/crc-32-1.2.0.tgz",
      "integrity": "sha512-1uBwHxF+Y/4yF5G48fwnKq6QsIXheor3ZLPT80yGBV1oEUwpPojlEhQbWKVw1VwcTQyMGHK1/XMmTjmlsmTTGA==",
      "requires": {
        "exit-on-epipe": "~1.0.1",
        "printj": "~1.1.0"
      }
    },
    "css-select": {
      "version": "1.2.0",
      "resolved": "https://registry.npmjs.org/css-select/-/css-select-1.2.0.tgz",
      "integrity": "sha1-KzoRBTnFNV8c2NMUYj6HCxIeyFg=",
      "requires": {
        "boolbase": "~1.0.0",
        "css-what": "2.1",
        "domutils": "1.5.1",
        "nth-check": "~1.0.1"
      }
    },
    "css-what": {
      "version": "2.1.3",
      "resolved": "https://registry.npmjs.org/css-what/-/css-what-2.1.3.tgz",
      "integrity": "sha512-a+EPoD+uZiNfh+5fxw2nO9QwFa6nJe2Or35fGY6Ipw1R3R4AGz1d1TEZrCegvw2YTmZ0jXirGYlzxxpYSHwpEg=="
    },
    "csv-parser": {
      "version": "2.3.2",
      "resolved": "https://registry.npmjs.org/csv-parser/-/csv-parser-2.3.2.tgz",
      "integrity": "sha512-ggurTYuhhoUJyrPXTAkiO1x6QXkxAoimV+YSz2eSAXF+jQ/Xve/030T34tVStKFmX56pPtY5PiZl3bR4HkZK+Q==",
      "requires": {
        "@hapi/joi": "^16.1.4",
        "buffer-alloc": "^1.1.0",
        "buffer-from": "^1.0.0",
        "generate-object-property": "^1.0.0",
        "minimist": "^1.2.0",
        "ndjson": "^1.4.0"
      }
    },
    "csv-stringify": {
      "version": "5.3.6",
      "resolved": "https://registry.npmjs.org/csv-stringify/-/csv-stringify-5.3.6.tgz",
      "integrity": "sha512-kPcRbMvo5NLLD71TAqW5K+g9kbM2HpIZJLAzm73Du8U+5TXmDp9YtXKCBLyxEh0q3Jbg8QhNFBz3b5VJzjZ/jw=="
    },
    "debug": {
      "version": "3.1.0",
      "resolved": "https://registry.npmjs.org/debug/-/debug-3.1.0.tgz",
      "integrity": "sha512-OX8XqP7/1a9cqkxYw2yXss15f26NKWBpDXQd0/uK/KPqdQhxbPa994hnzjcE2VqQpDslf55723cKPUOGSmMY3g==",
      "requires": {
        "ms": "2.0.0"
      }
    },
    "deepmerge": {
      "version": "3.2.0",
      "resolved": "https://registry.npmjs.org/deepmerge/-/deepmerge-3.2.0.tgz",
      "integrity": "sha512-6+LuZGU7QCNUnAJyX8cIrlzoEgggTM6B7mm+znKOX4t5ltluT9KLjN6g61ECMS0LTsLW7yDpNoxhix5FZcrIow=="
    },
    "denque": {
      "version": "1.4.1",
      "resolved": "https://registry.npmjs.org/denque/-/denque-1.4.1.tgz",
      "integrity": "sha512-OfzPuSZKGcgr96rf1oODnfjqBFmr1DVoc/TrItj3Ohe0Ah1C5WX5Baquw/9U9KovnQ88EqmJbD66rKYUQYN1tQ=="
    },
    "diff": {
      "version": "4.0.2",
      "resolved": "https://registry.npmjs.org/diff/-/diff-4.0.2.tgz",
      "integrity": "sha512-58lmxKSA4BNyLz+HHMUzlOEpg09FV+ev6ZMe3vJihgdxzgcwZ8VoEEPmALCZG9LmqfVoNMMKpttIYTVG6uDY7A==",
      "dev": true
    },
    "dom-serializer": {
      "version": "0.1.1",
      "resolved": "https://registry.npmjs.org/dom-serializer/-/dom-serializer-0.1.1.tgz",
      "integrity": "sha512-l0IU0pPzLWSHBcieZbpOKgkIn3ts3vAh7ZuFyXNwJxJXk/c4Gwj9xaTJwIDVQCXawWD0qb3IzMGH5rglQaO0XA==",
      "requires": {
        "domelementtype": "^1.3.0",
        "entities": "^1.1.1"
      }
    },
    "domelementtype": {
      "version": "1.3.1",
      "resolved": "https://registry.npmjs.org/domelementtype/-/domelementtype-1.3.1.tgz",
      "integrity": "sha512-BSKB+TSpMpFI/HOxCNr1O8aMOTZ8hT3pM3GQ0w/mWRmkhEDSFJkkyzz4XQsBV44BChwGkrDfMyjVD0eA2aFV3w=="
    },
    "domhandler": {
      "version": "2.4.2",
      "resolved": "https://registry.npmjs.org/domhandler/-/domhandler-2.4.2.tgz",
      "integrity": "sha512-JiK04h0Ht5u/80fdLMCEmV4zkNh2BcoMFBmZ/91WtYZ8qVXSKjiw7fXMgFPnHcSZgOo3XdinHvmnDUeMf5R4wA==",
      "requires": {
        "domelementtype": "1"
      }
    },
    "domutils": {
      "version": "1.5.1",
      "resolved": "https://registry.npmjs.org/domutils/-/domutils-1.5.1.tgz",
      "integrity": "sha1-3NhIiib1Y9YQeeSMn3t+Mjc2gs8=",
      "requires": {
        "dom-serializer": "0",
        "domelementtype": "1"
      }
    },
    "entities": {
      "version": "1.1.2",
      "resolved": "https://registry.npmjs.org/entities/-/entities-1.1.2.tgz",
      "integrity": "sha512-f2LZMYl1Fzu7YSBKg+RoROelpOaNrcGmE9AZubeDfrCEia483oW4MI4VyFd5VNHIgQ/7qm1I0wUHK1eJnn2y2w=="
    },
    "es6-promise-pool": {
      "version": "2.5.0",
      "resolved": "https://registry.npmjs.org/es6-promise-pool/-/es6-promise-pool-2.5.0.tgz",
      "integrity": "sha1-FHxhKza0fxBQJ/nSv1SlmKmdnMs="
    },
    "excel4node": {
      "version": "1.7.2",
      "resolved": "https://registry.npmjs.org/excel4node/-/excel4node-1.7.2.tgz",
      "integrity": "sha512-3XSsPSSbUeGloTRQMTmgf4aA1WDGa9fWQitOCGN/URG8NvwPjgVdbyG7FWKukqTdl5XBz9jv0vVBz3BBIo52tg==",
      "requires": {
        "deepmerge": "3.2.0",
        "image-size": "0.7.2",
        "jszip": "3.2.1",
        "lodash.get": "4.4.2",
        "lodash.isequal": "4.5.0",
        "lodash.isundefined": "3.0.1",
        "lodash.reduce": "4.6.0",
        "lodash.uniqueid": "4.0.1",
        "mime": "2.4.0",
        "uuid": "3.3.2",
        "xmlbuilder": "11.0.1"
      },
      "dependencies": {
        "uuid": {
          "version": "3.3.2",
          "resolved": "https://registry.npmjs.org/uuid/-/uuid-3.3.2.tgz",
          "integrity": "sha512-yXJmeNaw3DnnKAOKJE51sL/ZaYfWJRl1pK9dr19YFCu0ObS231AB1/LbqTKRAQ5kw8A90rA6fr4riOUpTZvQZA=="
        }
      }
    },
    "exit-on-epipe": {
      "version": "1.0.1",
      "resolved": "https://registry.npmjs.org/exit-on-epipe/-/exit-on-epipe-1.0.1.tgz",
      "integrity": "sha512-h2z5mrROTxce56S+pnvAV890uu7ls7f1kEvVGJbw1OlFH3/mlJ5bkXu0KRyW94v37zzHPiUd55iLn3DA7TjWpw=="
    },
    "fast-xml-parser": {
      "version": "3.16.0",
      "resolved": "https://registry.npmjs.org/fast-xml-parser/-/fast-xml-parser-3.16.0.tgz",
      "integrity": "sha512-U+bpScacfgnfNfIKlWHDu4u6rtOaCyxhblOLJ8sZPkhsjgGqdZmVPBhdOyvdMGCDt8CsAv+cssOP3NzQptNt2w=="
    },
    "follow-redirects": {
      "version": "1.5.10",
      "resolved": "https://registry.npmjs.org/follow-redirects/-/follow-redirects-1.5.10.tgz",
      "integrity": "sha512-0V5l4Cizzvqt5D44aTXbFZz+FtyXV1vrDN6qrelxtfYQKW0KO0W2T/hkE8xvGa/540LkZlkaUjO4ailYTFtHVQ==",
      "requires": {
        "debug": "=3.1.0"
      }
    },
    "frac": {
      "version": "1.1.2",
      "resolved": "https://registry.npmjs.org/frac/-/frac-1.1.2.tgz",
      "integrity": "sha512-w/XBfkibaTl3YDqASwfDUqkna4Z2p9cFSr1aHDt0WoMTECnRfBOv2WArlZILlqgWlmdIlALXGpM2AOhEk5W3IA=="
    },
    "generate-object-property": {
      "version": "1.2.0",
      "resolved": "https://registry.npmjs.org/generate-object-property/-/generate-object-property-1.2.0.tgz",
      "integrity": "sha1-nA4cQDCM6AT0eDYYuTf6iPmdUNA=",
      "requires": {
        "is-property": "^1.0.0"
      }
    },
    "heatcraft-js-shared": {
      "version": "file:../heatcraft-js-shared"
    },
    "hot-patcher": {
      "version": "0.5.0",
      "resolved": "https://registry.npmjs.org/hot-patcher/-/hot-patcher-0.5.0.tgz",
      "integrity": "sha512-2Uu2W0s8+dnqXzdlg0MRsRzPoDCs1wVjOGSyMRRaMzLDX4bgHw6xDYKccsWafXPPxQpkQfEjgW6+17pwcg60bw=="
    },
    "htmlparser2": {
      "version": "3.10.1",
      "resolved": "https://registry.npmjs.org/htmlparser2/-/htmlparser2-3.10.1.tgz",
      "integrity": "sha512-IgieNijUMbkDovyoKObU1DUhm1iwNYE/fuifEoEHfd1oZKZDaONBSkal7Y01shxsM49R4XaMdGez3WnF9UfiCQ==",
      "requires": {
        "domelementtype": "^1.3.1",
        "domhandler": "^2.3.0",
        "domutils": "^1.5.1",
        "entities": "^1.1.1",
        "inherits": "^2.0.1",
        "readable-stream": "^3.1.1"
      },
      "dependencies": {
        "readable-stream": {
          "version": "3.6.0",
          "resolved": "https://registry.npmjs.org/readable-stream/-/readable-stream-3.6.0.tgz",
          "integrity": "sha512-BViHy7LKeTz4oNnkcLJ+lVSL6vpiFeX6/d3oSH8zCW7UxP2onchk+vTGB143xuFjHS3deTgkKoXXymXqymiIdA==",
          "requires": {
            "inherits": "^2.0.3",
            "string_decoder": "^1.1.1",
            "util-deprecate": "^1.0.1"
          }
        }
      }
    },
    "image-size": {
      "version": "0.7.2",
      "resolved": "https://registry.npmjs.org/image-size/-/image-size-0.7.2.tgz",
      "integrity": "sha512-CBmVIFHyDyiWi1U24eNHl8SH0Iir2IgmEv1RwdRVZxWsEbSCvV5b/eXaYP8epOFv2dbw5uNBOrn1Nc5P5KvsUA=="
    },
    "immediate": {
      "version": "3.0.6",
      "resolved": "https://registry.npmjs.org/immediate/-/immediate-3.0.6.tgz",
      "integrity": "sha1-nbHb0Pr43m++D13V5Wu2BigN5ps="
    },
    "inherits": {
      "version": "2.0.4",
      "resolved": "https://registry.npmjs.org/inherits/-/inherits-2.0.4.tgz",
      "integrity": "sha512-k/vGaX4/Yla3WzyMCvTQOXYeIHvqOKtnqBduzTHpzpQZzAskKMhZ2K+EnBiSM9zGSoIFeMpXKxa4dYeZIQqewQ=="
    },
    "is-finite": {
      "version": "1.1.0",
      "resolved": "https://registry.npmjs.org/is-finite/-/is-finite-1.1.0.tgz",
      "integrity": "sha512-cdyMtqX/BOqqNBBiKlIVkytNHm49MtMlYyn1zxzvJKWmFMlGzm+ry5BBfYyeY9YmNKbRSo/o7OX9w9ale0wg3w=="
    },
    "is-integer": {
      "version": "1.0.7",
      "resolved": "https://registry.npmjs.org/is-integer/-/is-integer-1.0.7.tgz",
      "integrity": "sha1-a96Bqs3feLZZtmKdYpytxRqIbVw=",
      "requires": {
        "is-finite": "^1.0.0"
      }
    },
    "is-property": {
      "version": "1.0.2",
      "resolved": "https://registry.npmjs.org/is-property/-/is-property-1.0.2.tgz",
      "integrity": "sha1-V/4cTkhHTt1lsJkR8msc1Ald2oQ="
    },
    "isarray": {
      "version": "1.0.0",
      "resolved": "https://registry.npmjs.org/isarray/-/isarray-1.0.0.tgz",
      "integrity": "sha1-u5NdSFgsuhaMBoNJV6VKPgcSTxE="
    },
    "json-stringify-safe": {
      "version": "5.0.1",
      "resolved": "https://registry.npmjs.org/json-stringify-safe/-/json-stringify-safe-5.0.1.tgz",
      "integrity": "sha1-Epai1Y/UXxmg9s4B1lcB4sc1tus="
    },
    "jszip": {
      "version": "3.2.1",
      "resolved": "https://registry.npmjs.org/jszip/-/jszip-3.2.1.tgz",
      "integrity": "sha512-iCMBbo4eE5rb1VCpm5qXOAaUiRKRUKiItn8ah2YQQx9qymmSAY98eyQfioChEYcVQLh0zxJ3wS4A0mh90AVPvw==",
      "requires": {
        "lie": "~3.3.0",
        "pako": "~1.0.2",
        "readable-stream": "~2.3.6",
        "set-immediate-shim": "~1.0.1"
      }
    },
    "lie": {
      "version": "3.3.0",
      "resolved": "https://registry.npmjs.org/lie/-/lie-3.3.0.tgz",
      "integrity": "sha512-UaiMJzeWRlEujzAuw5LokY1L5ecNQYZKfmyZ9L7wDHb/p5etKaxXhohBcrw0EYby+G/NA52vRSN4N39dxHAIwQ==",
      "requires": {
        "immediate": "~3.0.5"
      }
    },
    "lodash": {
      "version": "4.17.15",
      "resolved": "https://registry.npmjs.org/lodash/-/lodash-4.17.15.tgz",
      "integrity": "sha512-8xOcRHvCjnocdS5cpwXQXVzmmh5e5+saE2QGoeQmbKmRS6J3VQppPOIt0MnmE+4xlZoumy0GPG0D0MVIQbNA1A=="
    },
    "lodash.get": {
      "version": "4.4.2",
      "resolved": "https://registry.npmjs.org/lodash.get/-/lodash.get-4.4.2.tgz",
      "integrity": "sha1-LRd/ZS+jHpObRDjVNBSZ36OCXpk="
    },
    "lodash.isequal": {
      "version": "4.5.0",
      "resolved": "https://registry.npmjs.org/lodash.isequal/-/lodash.isequal-4.5.0.tgz",
      "integrity": "sha1-QVxEePK8wwEgwizhDtMib30+GOA="
    },
    "lodash.isundefined": {
      "version": "3.0.1",
      "resolved": "https://registry.npmjs.org/lodash.isundefined/-/lodash.isundefined-3.0.1.tgz",
      "integrity": "sha1-I+89lTVWUgOmbO/VuDD4SJEa+0g="
    },
    "lodash.reduce": {
      "version": "4.6.0",
      "resolved": "https://registry.npmjs.org/lodash.reduce/-/lodash.reduce-4.6.0.tgz",
      "integrity": "sha1-8atrg5KZrUj3hKu/R2WW8DuRTTs="
    },
    "lodash.uniqueid": {
      "version": "4.0.1",
      "resolved": "https://registry.npmjs.org/lodash.uniqueid/-/lodash.uniqueid-4.0.1.tgz",
      "integrity": "sha1-MmjyanyI5PSxdY1nknGBTjH6WyY="
    },
    "make-error": {
      "version": "1.3.5",
      "resolved": "https://registry.npmjs.org/make-error/-/make-error-1.3.5.tgz",
      "integrity": "sha512-c3sIjNUow0+8swNwVpqoH4YCShKNFkMaw6oH1mNS2haDZQqkeZFlHS3dhoeEbKKmJB4vXpJucU6oH75aDYeE9g==",
      "dev": true
    },
    "memory-pager": {
      "version": "1.5.0",
      "resolved": "https://registry.npmjs.org/memory-pager/-/memory-pager-1.5.0.tgz",
      "integrity": "sha512-ZS4Bp4r/Zoeq6+NLJpP+0Zzm0pR8whtGPf1XExKLJBAczGMnSi3It14OiNCStjQjM6NU1okjQGSxgEZN8eBYKg==",
      "optional": true
    },
    "mime": {
      "version": "2.4.0",
      "resolved": "https://registry.npmjs.org/mime/-/mime-2.4.0.tgz",
      "integrity": "sha512-ikBcWwyqXQSHKtciCcctu9YfPbFYZ4+gbHEmE0Q8jzcTYQg5dHCr3g2wwAZjPoJfQVXZq6KXAjpXOTf5/cjT7w=="
    },
    "minimatch": {
      "version": "3.0.4",
      "resolved": "https://registry.npmjs.org/minimatch/-/minimatch-3.0.4.tgz",
      "integrity": "sha512-yJHVQEhyqPLUTgt9B83PXu6W3rx4MvvHvSUvToogpwoGDOUQ+yDrR0HRot+yOCdCO7u4hX3pWft6kWBBcqh0UA==",
      "requires": {
        "brace-expansion": "^1.1.7"
      }
    },
    "minimist": {
      "version": "1.2.0",
      "resolved": "https://registry.npmjs.org/minimist/-/minimist-1.2.0.tgz",
      "integrity": "sha1-o1AIsg9BOD7sH7kU9M1d95omQoQ="
    },
    "mongodb": {
      "version": "3.5.6",
      "resolved": "https://registry.npmjs.org/mongodb/-/mongodb-3.5.6.tgz",
      "integrity": "sha512-sh3q3GLDLT4QmoDLamxtAECwC3RGjq+oNuK1ENV8+tnipIavss6sMYt77hpygqlMOCt0Sla5cl7H4SKCVBCGEg==",
      "requires": {
        "bl": "^2.2.0",
        "bson": "^1.1.4",
        "denque": "^1.4.1",
        "require_optional": "^1.0.1",
        "safe-buffer": "^5.1.2",
        "saslprep": "^1.0.0"
      }
    },
    "ms": {
      "version": "2.0.0",
      "resolved": "https://registry.npmjs.org/ms/-/ms-2.0.0.tgz",
      "integrity": "sha1-VgiurfwAvmwpAd9fmGF4jeDVl8g="
    },
    "ndjson": {
      "version": "1.5.0",
      "resolved": "https://registry.npmjs.org/ndjson/-/ndjson-1.5.0.tgz",
      "integrity": "sha1-rmA7NrE0vOw0e0UkIrC/mNWDLsg=",
      "requires": {
        "json-stringify-safe": "^5.0.1",
        "minimist": "^1.2.0",
        "split2": "^2.1.0",
        "through2": "^2.0.3"
      }
    },
    "nested-property": {
      "version": "1.0.4",
      "resolved": "https://registry.npmjs.org/nested-property/-/nested-property-1.0.4.tgz",
      "integrity": "sha512-6fNIumJJUyP3rkB4FyVYCYpdW+PKUCaxRWRGLLf0kv/RKoG4mbTvInedA9x3zOyuOmOkGudKuAtPSI+dnhwj2g=="
    },
    "nth-check": {
      "version": "1.0.2",
      "resolved": "https://registry.npmjs.org/nth-check/-/nth-check-1.0.2.tgz",
      "integrity": "sha512-WeBOdju8SnzPN5vTUJYxYUxLeXpCaVP5i5e0LF8fg7WORF2Wd7wFX/pk0tYZk7s8T+J7VLy0Da6J1+wCT0AtHg==",
      "requires": {
        "boolbase": "~1.0.0"
      }
    },
    "pako": {
      "version": "1.0.11",
      "resolved": "https://registry.npmjs.org/pako/-/pako-1.0.11.tgz",
      "integrity": "sha512-4hLB8Py4zZce5s4yd9XzopqwVv/yGNhV1Bl8NTmCq1763HeK2+EwVTv+leGeL13Dnh2wfbqowVPXCIO0z4taYw=="
    },
    "parse-int": {
      "version": "1.0.3",
      "resolved": "https://registry.npmjs.org/parse-int/-/parse-int-1.0.3.tgz",
      "integrity": "sha512-TfDLnW/E7Hu53nxclRtgCvvjCyA+iRqlzEbpDDRpTFSc1ovRSL/EDpgpRaEhxrGOx2w1k9bkE189FXt6PnOUUQ==",
      "requires": {
        "is-integer": "^1.0.4"
      }
    },
    "parse5": {
      "version": "3.0.3",
      "resolved": "https://registry.npmjs.org/parse5/-/parse5-3.0.3.tgz",
      "integrity": "sha512-rgO9Zg5LLLkfJF9E6CCmXlSE4UVceloys8JrFqCcHloC3usd/kJCyPDwH2SOlzix2j3xaP9sUX3e8+kvkuleAA==",
      "requires": {
        "@types/node": "*"
      }
    },
    "path-posix": {
      "version": "1.0.0",
      "resolved": "https://registry.npmjs.org/path-posix/-/path-posix-1.0.0.tgz",
      "integrity": "sha1-BrJhE/Vr6rBCVFojv6iAA8ysJg8="
    },
    "printj": {
      "version": "1.1.2",
      "resolved": "https://registry.npmjs.org/printj/-/printj-1.1.2.tgz",
      "integrity": "sha512-zA2SmoLaxZyArQTOPj5LXecR+RagfPSU5Kw1qP+jkWeNlrq+eJZyY2oS68SU1Z/7/myXM4lo9716laOFAVStCQ=="
    },
    "process-nextick-args": {
      "version": "2.0.1",
      "resolved": "https://registry.npmjs.org/process-nextick-args/-/process-nextick-args-2.0.1.tgz",
      "integrity": "sha512-3ouUOpQhtgrbOa17J7+uxOTpITYWaGP7/AhoR3+A+/1e9skrzelGi/dXzEYyvbxubEF6Wn2ypscTKiKJFFn1ag=="
    },
    "querystringify": {
      "version": "2.1.1",
      "resolved": "https://registry.npmjs.org/querystringify/-/querystringify-2.1.1.tgz",
      "integrity": "sha512-w7fLxIRCRT7U8Qu53jQnJyPkYZIaR4n5151KMfcJlO/A9397Wxb1amJvROTK6TOnp7PfoAmg/qXiNHI+08jRfA=="
    },
    "readable-stream": {
      "version": "2.3.7",
      "resolved": "https://registry.npmjs.org/readable-stream/-/readable-stream-2.3.7.tgz",
      "integrity": "sha512-Ebho8K4jIbHAxnuxi7o42OrZgF/ZTNcsZj6nRKyUmkhLFq8CHItp/fy6hQZuZmP/n3yZ9VBUbp4zz/mX8hmYPw==",
      "requires": {
        "core-util-is": "~1.0.0",
        "inherits": "~2.0.3",
        "isarray": "~1.0.0",
        "process-nextick-args": "~2.0.0",
        "safe-buffer": "~5.1.1",
        "string_decoder": "~1.1.1",
        "util-deprecate": "~1.0.1"
      }
    },
    "require_optional": {
      "version": "1.0.1",
      "resolved": "https://registry.npmjs.org/require_optional/-/require_optional-1.0.1.tgz",
      "integrity": "sha512-qhM/y57enGWHAe3v/NcwML6a3/vfESLe/sGM2dII+gEO0BpKRUkWZow/tyloNqJyN6kXSl3RyyM8Ll5D/sJP8g==",
      "requires": {
        "resolve-from": "^2.0.0",
        "semver": "^5.1.0"
      }
    },
    "requires-port": {
      "version": "1.0.0",
      "resolved": "https://registry.npmjs.org/requires-port/-/requires-port-1.0.0.tgz",
      "integrity": "sha1-kl0mAdOaxIXgkc8NpcbmlNw9yv8="
    },
    "resolve-from": {
      "version": "2.0.0",
      "resolved": "https://registry.npmjs.org/resolve-from/-/resolve-from-2.0.0.tgz",
      "integrity": "sha1-lICrIOlP+h2egKgEx+oUdhGWa1c="
    },
    "safe-buffer": {
      "version": "5.1.2",
      "resolved": "https://registry.npmjs.org/safe-buffer/-/safe-buffer-5.1.2.tgz",
      "integrity": "sha512-Gd2UZBJDkXlY7GbJxfsE8/nvKkUEU1G38c1siN6QP6a9PT9MmHB8GnpscSmMJSoF8LOIrt8ud/wPtojys4G6+g=="
    },
    "saslprep": {
      "version": "1.0.3",
      "resolved": "https://registry.npmjs.org/saslprep/-/saslprep-1.0.3.tgz",
      "integrity": "sha512-/MY/PEMbk2SuY5sScONwhUDsV2p77Znkb/q3nSVstq/yQzYJOH/Azh29p9oJLsl3LnQwSvZDKagDGBsBwSooag==",
      "optional": true,
      "requires": {
        "sparse-bitfield": "^3.0.3"
      }
    },
    "semver": {
      "version": "5.7.1",
      "resolved": "https://registry.npmjs.org/semver/-/semver-5.7.1.tgz",
      "integrity": "sha512-sauaDf/PZdVgrLTNYHRtpXa1iRiKcaebiKQ1BJdpQlWH2lCvexQdX55snPFyK7QzpudqbCI0qXFfOasHdyNDGQ=="
    },
    "set-immediate-shim": {
      "version": "1.0.1",
      "resolved": "https://registry.npmjs.org/set-immediate-shim/-/set-immediate-shim-1.0.1.tgz",
      "integrity": "sha1-SysbJ+uAip+NzEgaWOXlb1mfP2E="
    },
    "source-map": {
      "version": "0.6.1",
      "resolved": "https://registry.npmjs.org/source-map/-/source-map-0.6.1.tgz",
      "integrity": "sha512-UjgapumWlbMhkBgzT7Ykc5YXUT46F0iKu8SGXq0bcwP5dz/h0Plj6enJqjz1Zbq2l5WaqYnrVbwWOWMyF3F47g==",
      "dev": true
    },
    "source-map-support": {
      "version": "0.5.16",
      "resolved": "https://registry.npmjs.org/source-map-support/-/source-map-support-0.5.16.tgz",
      "integrity": "sha512-efyLRJDr68D9hBBNIPWFjhpFzURh+KJykQwvMyW5UiZzYwoF6l4YMMDIJJEyFWxWCqfyxLzz6tSfUFR+kXXsVQ==",
      "dev": true,
      "requires": {
        "buffer-from": "^1.0.0",
        "source-map": "^0.6.0"
      }
    },
    "sparse-bitfield": {
      "version": "3.0.3",
      "resolved": "https://registry.npmjs.org/sparse-bitfield/-/sparse-bitfield-3.0.3.tgz",
      "integrity": "sha1-/0rm5oZWBWuks+eSqzM004JzyhE=",
      "optional": true,
      "requires": {
        "memory-pager": "^1.0.2"
      }
    },
    "split2": {
      "version": "2.2.0",
      "resolved": "https://registry.npmjs.org/split2/-/split2-2.2.0.tgz",
      "integrity": "sha512-RAb22TG39LhI31MbreBgIuKiIKhVsawfTgEGqKHTK87aG+ul/PB8Sqoi3I7kVdRWiCfrKxK3uo4/YUkpNvhPbw==",
      "requires": {
        "through2": "^2.0.2"
      }
    },
    "ssf": {
      "version": "0.10.2",
      "resolved": "https://registry.npmjs.org/ssf/-/ssf-0.10.2.tgz",
      "integrity": "sha512-rDhAPm9WyIsY8eZEKyE8Qsotb3j/wBdvMWBUsOhJdfhKGLfQidRjiBUV0y/MkyCLiXQ38FG6LWW/VYUtqlIDZQ==",
      "requires": {
        "frac": "~1.1.2"
      }
    },
    "string_decoder": {
      "version": "1.1.1",
      "resolved": "https://registry.npmjs.org/string_decoder/-/string_decoder-1.1.1.tgz",
      "integrity": "sha512-n/ShnvDi6FHbbVfviro+WojiFzv+s8MPMHBczVePfUpDJLwoLT0ht1l4YwBCbi8pJAveEEdnkHyPyTP/mzRfwg==",
      "requires": {
        "safe-buffer": "~5.1.0"
      }
    },
    "through2": {
      "version": "2.0.5",
      "resolved": "https://registry.npmjs.org/through2/-/through2-2.0.5.tgz",
      "integrity": "sha512-/mrRod8xqpA+IHSLyGCQ2s8SPHiCDEeQJSep1jqLYeEUClOFG2Qsh+4FU6G9VeqpZnGW/Su8LQGc4YKni5rYSQ==",
      "requires": {
        "readable-stream": "~2.3.6",
        "xtend": "~4.0.1"
      }
    },
    "ts-node": {
      "version": "8.6.2",
      "resolved": "https://registry.npmjs.org/ts-node/-/ts-node-8.6.2.tgz",
      "integrity": "sha512-4mZEbofxGqLL2RImpe3zMJukvEvcO1XP8bj8ozBPySdCUXEcU5cIRwR0aM3R+VoZq7iXc8N86NC0FspGRqP4gg==",
      "dev": true,
      "requires": {
        "arg": "^4.1.0",
        "diff": "^4.0.1",
        "make-error": "^1.1.1",
        "source-map-support": "^0.5.6",
        "yn": "3.1.1"
      }
    },
    "typescript": {
      "version": "3.7.5",
      "resolved": "https://registry.npmjs.org/typescript/-/typescript-3.7.5.tgz",
      "integrity": "sha512-/P5lkRXkWHNAbcJIiHPfRoKqyd7bsyCma1hZNUGfn20qm64T6ZBlrzprymeu918H+mB/0rIg2gGK/BXkhhYgBw==",
      "dev": true
    },
    "url-join": {
      "version": "4.0.1",
      "resolved": "https://registry.npmjs.org/url-join/-/url-join-4.0.1.tgz",
      "integrity": "sha512-jk1+QP6ZJqyOiuEI9AEWQfju/nB2Pw466kbA0LEZljHwKeMgd9WrAEgEGxjPDD2+TNbbb37rTyhEfrCXfuKXnA=="
    },
    "url-parse": {
      "version": "1.4.7",
      "resolved": "https://registry.npmjs.org/url-parse/-/url-parse-1.4.7.tgz",
      "integrity": "sha512-d3uaVyzDB9tQoSXFvuSUNFibTd9zxd2bkVrDRvF5TmvWWQwqE4lgYJ5m+x1DbecWkw+LK4RNl2CU1hHuOKPVlg==",
      "requires": {
        "querystringify": "^2.1.1",
        "requires-port": "^1.0.0"
      }
    },
    "util-deprecate": {
      "version": "1.0.2",
      "resolved": "https://registry.npmjs.org/util-deprecate/-/util-deprecate-1.0.2.tgz",
      "integrity": "sha1-RQ1Nyfpw3nMnYvvS1KKJgUGaDM8="
    },
    "uuid": {
      "version": "3.4.0",
      "resolved": "https://registry.npmjs.org/uuid/-/uuid-3.4.0.tgz",
      "integrity": "sha512-HjSDRw6gZE5JMggctHBcjVak08+KEVhSIiDzFnT9S9aegmp85S/bReBVTb4QTFaRNptJ9kuYaNhnbNEOkbKb/A=="
    },
    "weak-map": {
      "version": "1.0.5",
      "resolved": "https://registry.npmjs.org/weak-map/-/weak-map-1.0.5.tgz",
      "integrity": "sha1-eWkVhNmGB/UHC9O3CkDmuyLkAes="
    },
    "webdav": {
      "version": "3.2.0",
      "resolved": "https://registry.npmjs.org/webdav/-/webdav-3.2.0.tgz",
      "integrity": "sha512-wOvLjoa+cZUHsgfItGeg2SYS2yRMUu29aqKFzp9yRcVjq+A5V/pqT6CPx04kMvKrK4jE/fK/QvkXPmkJSzgyDg==",
      "requires": {
        "axios": "^0.19.2",
        "base-64": "^0.1.0",
        "fast-xml-parser": "^3.16.0",
        "hot-patcher": "^0.5.0",
        "minimatch": "^3.0.4",
        "nested-property": "^1.0.4",
        "path-posix": "^1.0.0",
        "url-join": "^4.0.1",
        "url-parse": "^1.4.7"
      }
    },
    "xlsx": {
      "version": "0.15.5",
      "resolved": "https://registry.npmjs.org/xlsx/-/xlsx-0.15.5.tgz",
      "integrity": "sha512-iWyTqe6UGTkp3XQOeeKPEBcZvmBfzIo3hDIVDfhGIEoTGVIq2JWEk6tIx0F+oKUje3pfZUx4V1W+P6892AB8kQ==",
      "requires": {
        "adler-32": "~1.2.0",
        "cfb": "^1.1.3",
        "codepage": "~1.14.0",
        "commander": "~2.17.1",
        "crc-32": "~1.2.0",
        "exit-on-epipe": "~1.0.1",
        "ssf": "~0.10.2"
      }
    },
    "xmlbuilder": {
      "version": "11.0.1",
      "resolved": "https://registry.npmjs.org/xmlbuilder/-/xmlbuilder-11.0.1.tgz",
      "integrity": "sha512-fDlsI/kFEx7gLvbecc0/ohLG50fugQp8ryHzMTuW9vSa1GJ0XYWKnhsUx7oie3G98+r56aTQIUB4kht42R3JvA=="
    },
    "xtend": {
      "version": "4.0.2",
      "resolved": "https://registry.npmjs.org/xtend/-/xtend-4.0.2.tgz",
      "integrity": "sha512-LKYU1iAXJXUgAXn9URjiu+MWhyUXHsvfp7mcuYm9dSUKK0/CjtrUwFAxD82/mCWbtLsGjFIad0wIsod4zrTAEQ=="
    },
    "yn": {
      "version": "3.1.1",
      "resolved": "https://registry.npmjs.org/yn/-/yn-3.1.1.tgz",
      "integrity": "sha512-Ux4ygGWsu2c7isFWe8Yu1YluJmqVhxqK2cLXNQA5AcC3QfbGNpM7fu0Y8b/z16pXLnFxZYvWhd3fhBY9DLmC6Q==",
      "dev": true
    }
  }
}
